
Microsoft Visual Studio Solution File, Format Version 12.00
# Visual Studio Version 16
VisualStudioVersion = 16.0.30406.217
MinimumVisualStudioVersion = 10.0.40219.1
Project("{888888A0-9F3D-457C-B088-3A5042F75D52}") = "TF_ML", "TF_ML.pyproj", "{665CC5F0-B505-45CD-883F-2372C6188F8D}"
EndProject
Global
	GlobalSection(SolutionConfigurationPlatforms) = preSolution
		Debug|Any CPU = Debug|Any CPU
		Release|Any CPU = Release|Any CPU
	EndGlobalSection
	GlobalSection(ProjectConfigurationPlatforms) = postSolution
		{665CC5F0-B505-45CD-883F-2372C6188F8D}.Debug|Any CPU.ActiveCfg = Debug|Any CPU
		{665CC5F0-B505-45CD-883F-2372C6188F8D}.Release|Any CPU.ActiveCfg = Release|Any CPU
	EndGlobalSection
	GlobalSection(SolutionProperties) = preSolution
		HideSolutionNode = FALSE
	EndGlobalSection
	GlobalSection(ExtensibilityGlobals) = postSolution
		SolutionGuid = {C673BFEC-55C6-4D57-BAFC-E1055F80401C}
	EndGlobalSection
EndGlobal
